
Microsoft Visual Studio Solution File, Format Version 12.00
# Visual Studio Version 16
VisualStudioVersion = 16.0.29920.165
MinimumVisualStudioVersion = 10.0.40219.1
Project("{FAE04EC0-301F-11D3-BF4B-00C04F79EFBC}") = "KomodoClaimsConsole", "KomodoClaimsConsole\KomodoClaimsConsole.csproj", "{B8724943-CB11-4BE5-A6C4-57F356C573A4}"
EndProject
Project("{FAE04EC0-301F-11D3-BF4B-00C04F79EFBC}") = "ClaimRepositoryTests", "ClaimRepositoryTests\ClaimRepositoryTests.csproj", "{C79BDD72-5340-4C06-ABA5-540814243448}"
EndProject
Global
	GlobalSection(SolutionConfigurationPlatforms) = preSolution
		Debug|Any CPU = Debug|Any CPU
		Release|Any CPU = Release|Any CPU
	EndGlobalSection
	GlobalSection(ProjectConfigurationPlatforms) = postSolution
		{B8724943-CB11-4BE5-A6C4-57F356C573A4}.Debug|Any CPU.ActiveCfg = Debug|Any CPU
		{B8724943-CB11-4BE5-A6C4-57F356C573A4}.Debug|Any CPU.Build.0 = Debug|Any CPU
		{B8724943-CB11-4BE5-A6C4-57F356C573A4}.Release|Any CPU.ActiveCfg = Release|Any CPU
		{B8724943-CB11-4BE5-A6C4-57F356C573A4}.Release|Any CPU.Build.0 = Release|Any CPU
		{C79BDD72-5340-4C06-ABA5-540814243448}.Debug|Any CPU.ActiveCfg = Debug|Any CPU
		{C79BDD72-5340-4C06-ABA5-540814243448}.Debug|Any CPU.Build.0 = Debug|Any CPU
		{C79BDD72-5340-4C06-ABA5-540814243448}.Release|Any CPU.ActiveCfg = Release|Any CPU
		{C79BDD72-5340-4C06-ABA5-540814243448}.Release|Any CPU.Build.0 = Release|Any CPU
	EndGlobalSection
	GlobalSection(SolutionProperties) = preSolution
		HideSolutionNode = FALSE
	EndGlobalSection
	GlobalSection(ExtensibilityGlobals) = postSolution
		SolutionGuid = {2AD627A3-47F5-4755-BBDE-328B5975C647}
	EndGlobalSection
EndGlobal
